// !$*UTF8*$!
{
	archiveVersion = 1;
	classes = {
	};
	objectVersion = 46;
	objects = {

/* Begin PBXBuildFile section */
		65AB4C751506340B00411F36 /* MBGoogleAnalytics.m in Sources */ = {isa = PBXBuildFile; fileRef = 65AB4C741506340B00411F36 /* MBGoogleAnalytics.m */; };
		65CED02514FBE63800A683B2 /* UIKit.framework in Frameworks */ = {isa = PBXBuildFile; fileRef = 65CED02414FBE63800A683B2 /* UIKit.framework */; };
		65CED02714FBE63800A683B2 /* Foundation.framework in Frameworks */ = {isa = PBXBuildFile; fileRef = 65CED02614FBE63800A683B2 /* Foundation.framework */; };
		65CED02914FBE63800A683B2 /* CoreGraphics.framework in Frameworks */ = {isa = PBXBuildFile; fileRef = 65CED02814FBE63800A683B2 /* CoreGraphics.framework */; };
		65CED02F14FBE63800A683B2 /* InfoPlist.strings in Resources */ = {isa = PBXBuildFile; fileRef = 65CED02D14FBE63800A683B2 /* InfoPlist.strings */; };
		65CED03114FBE63800A683B2 /* main.m in Sources */ = {isa = PBXBuildFile; fileRef = 65CED03014FBE63800A683B2 /* main.m */; };
		65CED03514FBE63800A683B2 /* AppDelegate.m in Sources */ = {isa = PBXBuildFile; fileRef = 65CED03414FBE63800A683B2 /* AppDelegate.m */; };
		65CED03814FBE63800A683B2 /* FirstViewController.m in Sources */ = {isa = PBXBuildFile; fileRef = 65CED03714FBE63800A683B2 /* FirstViewController.m */; };
		65CED03A14FBE63800A683B2 /* first.png in Resources */ = {isa = PBXBuildFile; fileRef = 65CED03914FBE63800A683B2 /* first.png */; };
		65CED03C14FBE63800A683B2 /* first@2x.png in Resources */ = {isa = PBXBuildFile; fileRef = 65CED03B14FBE63800A683B2 /* first@2x.png */; };
		65CED03F14FBE63800A683B2 /* SecondViewController.m in Sources */ = {isa = PBXBuildFile; fileRef = 65CED03E14FBE63800A683B2 /* SecondViewController.m */; };
		65CED04114FBE63800A683B2 /* second.png in Resources */ = {isa = PBXBuildFile; fileRef = 65CED04014FBE63800A683B2 /* second.png */; };
		65CED04314FBE63800A683B2 /* second@2x.png in Resources */ = {isa = PBXBuildFile; fileRef = 65CED04214FBE63800A683B2 /* second@2x.png */; };
		65CED04614FBE63800A683B2 /* FirstViewController.xib in Resources */ = {isa = PBXBuildFile; fileRef = 65CED04414FBE63800A683B2 /* FirstViewController.xib */; };
		65CED04914FBE63800A683B2 /* SecondViewController.xib in Resources */ = {isa = PBXBuildFile; fileRef = 65CED04714FBE63800A683B2 /* SecondViewController.xib */; };
		65CED05114FBE63800A683B2 /* SenTestingKit.framework in Frameworks */ = {isa = PBXBuildFile; fileRef = 65CED05014FBE63800A683B2 /* SenTestingKit.framework */; };
		65CED05214FBE63800A683B2 /* UIKit.framework in Frameworks */ = {isa = PBXBuildFile; fileRef = 65CED02414FBE63800A683B2 /* UIKit.framework */; };
		65CED05314FBE63800A683B2 /* Foundation.framework in Frameworks */ = {isa = PBXBuildFile; fileRef = 65CED02614FBE63800A683B2 /* Foundation.framework */; };
		65CED05B14FBE63800A683B2 /* InfoPlist.strings in Resources */ = {isa = PBXBuildFile; fileRef = 65CED05914FBE63800A683B2 /* InfoPlist.strings */; };
		65CED05E14FBE63800A683B2 /* GATestTests.m in Sources */ = {isa = PBXBuildFile; fileRef = 65CED05D14FBE63800A683B2 /* GATestTests.m */; };
		65CED07E14FBF10F00A683B2 /* libsqlite3.0.dylib in Frameworks */ = {isa = PBXBuildFile; fileRef = 65CED07D14FBF10F00A683B2 /* libsqlite3.0.dylib */; };
		65CED08014FBF14200A683B2 /* libGoogleAnalytics.a in Frameworks */ = {isa = PBXBuildFile; fileRef = 65CED07F14FBF14200A683B2 /* libGoogleAnalytics.a */; };
		65CED08314FBF1EC00A683B2 /* CFNetwork.framework in Frameworks */ = {isa = PBXBuildFile; fileRef = 65CED08214FBF1EC00A683B2 /* CFNetwork.framework */; };
		65CED08714FBF27200A683B2 /* MBViewController.m in Sources */ = {isa = PBXBuildFile; fileRef = 65CED08514FBF27200A683B2 /* MBViewController.m */; };
		65CED08814FBF27200A683B2 /* MBViewController.xib in Resources */ = {isa = PBXBuildFile; fileRef = 65CED08614FBF27200A683B2 /* MBViewController.xib */; };
/* End PBXBuildFile section */

/* Begin PBXContainerItemProxy section */
		65CED05414FBE63800A683B2 /* PBXContainerItemProxy */ = {
			isa = PBXContainerItemProxy;
			containerPortal = 65CED01714FBE63800A683B2 /* Project object */;
			proxyType = 1;
			remoteGlobalIDString = 65CED01F14FBE63800A683B2;
			remoteInfo = GATest;
		};
/* End PBXContainerItemProxy section */

/* Begin PBXFileReference section */
		65AB4C731506340B00411F36 /* MBGoogleAnalytics.h */ = {isa = PBXFileReference; fileEncoding = 4; lastKnownFileType = sourcecode.c.h; path = MBGoogleAnalytics.h; sourceTree = "<group>"; };
		65AB4C741506340B00411F36 /* MBGoogleAnalytics.m */ = {isa = PBXFileReference; fileEncoding = 4; lastKnownFileType = sourcecode.c.objc; path = MBGoogleAnalytics.m; sourceTree = "<group>"; };
		65CED02014FBE63800A683B2 /* GATest.app */ = {isa = PBXFileReference; explicitFileType = wrapper.application; includeInIndex = 0; path = GATest.app; sourceTree = BUILT_PRODUCTS_DIR; };
		65CED02414FBE63800A683B2 /* UIKit.framework */ = {isa = PBXFileReference; lastKnownFileType = wrapper.framework; name = UIKit.framework; path = System/Library/Frameworks/UIKit.framework; sourceTree = SDKROOT; };
		65CED02614FBE63800A683B2 /* Foundation.framework */ = {isa = PBXFileReference; lastKnownFileType = wrapper.framework; name = Foundation.framework; path = System/Library/Frameworks/Foundation.framework; sourceTree = SDKROOT; };
		65CED02814FBE63800A683B2 /* CoreGraphics.framework */ = {isa = PBXFileReference; lastKnownFileType = wrapper.framework; name = CoreGraphics.framework; path = System/Library/Frameworks/CoreGraphics.framework; sourceTree = SDKROOT; };
		65CED02C14FBE63800A683B2 /* GATest-Info.plist */ = {isa = PBXFileReference; lastKnownFileType = text.plist.xml; path = "GATest-Info.plist"; sourceTree = "<group>"; };
		65CED02E14FBE63800A683B2 /* en */ = {isa = PBXFileReference; lastKnownFileType = text.plist.strings; name = en; path = en.lproj/InfoPlist.strings; sourceTree = "<group>"; };
		65CED03014FBE63800A683B2 /* main.m */ = {isa = PBXFileReference; lastKnownFileType = sourcecode.c.objc; path = main.m; sourceTree = "<group>"; };
		65CED03214FBE63800A683B2 /* GATest-Prefix.pch */ = {isa = PBXFileReference; lastKnownFileType = sourcecode.c.h; path = "GATest-Prefix.pch"; sourceTree = "<group>"; };
		65CED03314FBE63800A683B2 /* AppDelegate.h */ = {isa = PBXFileReference; lastKnownFileType = sourcecode.c.h; path = AppDelegate.h; sourceTree = "<group>"; };
		65CED03414FBE63800A683B2 /* AppDelegate.m */ = {isa = PBXFileReference; lastKnownFileType = sourcecode.c.objc; path = AppDelegate.m; sourceTree = "<group>"; };
		65CED03614FBE63800A683B2 /* FirstViewController.h */ = {isa = PBXFileReference; lastKnownFileType = sourcecode.c.h; path = FirstViewController.h; sourceTree = "<group>"; };
		65CED03714FBE63800A683B2 /* FirstViewController.m */ = {isa = PBXFileReference; lastKnownFileType = sourcecode.c.objc; path = FirstViewController.m; sourceTree = "<group>"; };
		65CED03914FBE63800A683B2 /* first.png */ = {isa = PBXFileReference; lastKnownFileType = image.png; path = first.png; sourceTree = "<group>"; };
		65CED03B14FBE63800A683B2 /* first@2x.png */ = {isa = PBXFileReference; lastKnownFileType = image.png; path = "first@2x.png"; sourceTree = "<group>"; };
		65CED03D14FBE63800A683B2 /* SecondViewController.h */ = {isa = PBXFileReference; lastKnownFileType = sourcecode.c.h; path = SecondViewController.h; sourceTree = "<group>"; };
		65CED03E14FBE63800A683B2 /* SecondViewController.m */ = {isa = PBXFileReference; lastKnownFileType = sourcecode.c.objc; path = SecondViewController.m; sourceTree = "<group>"; };
		65CED04014FBE63800A683B2 /* second.png */ = {isa = PBXFileReference; lastKnownFileType = image.png; path = second.png; sourceTree = "<group>"; };
		65CED04214FBE63800A683B2 /* second@2x.png */ = {isa = PBXFileReference; lastKnownFileType = image.png; path = "second@2x.png"; sourceTree = "<group>"; };
		65CED04514FBE63800A683B2 /* en */ = {isa = PBXFileReference; lastKnownFileType = file.xib; name = en; path = en.lproj/FirstViewController.xib; sourceTree = "<group>"; };
		65CED04814FBE63800A683B2 /* en */ = {isa = PBXFileReference; lastKnownFileType = file.xib; name = en; path = en.lproj/SecondViewController.xib; sourceTree = "<group>"; };
		65CED04F14FBE63800A683B2 /* GATestTests.octest */ = {isa = PBXFileReference; explicitFileType = wrapper.cfbundle; includeInIndex = 0; path = GATestTests.octest; sourceTree = BUILT_PRODUCTS_DIR; };
		65CED05014FBE63800A683B2 /* SenTestingKit.framework */ = {isa = PBXFileReference; lastKnownFileType = wrapper.framework; name = SenTestingKit.framework; path = Library/Frameworks/SenTestingKit.framework; sourceTree = DEVELOPER_DIR; };
		65CED05814FBE63800A683B2 /* GATestTests-Info.plist */ = {isa = PBXFileReference; lastKnownFileType = text.plist.xml; path = "GATestTests-Info.plist"; sourceTree = "<group>"; };
		65CED05A14FBE63800A683B2 /* en */ = {isa = PBXFileReference; lastKnownFileType = text.plist.strings; name = en; path = en.lproj/InfoPlist.strings; sourceTree = "<group>"; };
		65CED05C14FBE63800A683B2 /* GATestTests.h */ = {isa = PBXFileReference; lastKnownFileType = sourcecode.c.h; path = GATestTests.h; sourceTree = "<group>"; };
		65CED05D14FBE63800A683B2 /* GATestTests.m */ = {isa = PBXFileReference; lastKnownFileType = sourcecode.c.objc; path = GATestTests.m; sourceTree = "<group>"; };
		65CED07D14FBF10F00A683B2 /* libsqlite3.0.dylib */ = {isa = PBXFileReference; lastKnownFileType = "compiled.mach-o.dylib"; name = libsqlite3.0.dylib; path = usr/lib/libsqlite3.0.dylib; sourceTree = SDKROOT; };
		65CED07F14FBF14200A683B2 /* libGoogleAnalytics.a */ = {isa = PBXFileReference; lastKnownFileType = archive.ar; path = libGoogleAnalytics.a; sourceTree = "<group>"; };
		65CED08114FBF16E00A683B2 /* GANTracker.h */ = {isa = PBXFileReference; fileEncoding = 4; lastKnownFileType = sourcecode.c.h; path = GANTracker.h; sourceTree = "<group>"; };
		65CED08214FBF1EC00A683B2 /* CFNetwork.framework */ = {isa = PBXFileReference; lastKnownFileType = wrapper.framework; name = CFNetwork.framework; path = System/Library/Frameworks/CFNetwork.framework; sourceTree = SDKROOT; };
		65CED08414FBF27200A683B2 /* MBViewController.h */ = {isa = PBXFileReference; fileEncoding = 4; lastKnownFileType = sourcecode.c.h; name = MBViewController.h; path = ViewControllers/MBViewController.h; sourceTree = "<group>"; };
		65CED08514FBF27200A683B2 /* MBViewController.m */ = {isa = PBXFileReference; fileEncoding = 4; lastKnownFileType = sourcecode.c.objc; name = MBViewController.m; path = ViewControllers/MBViewController.m; sourceTree = "<group>"; };
		65CED08614FBF27200A683B2 /* MBViewController.xib */ = {isa = PBXFileReference; fileEncoding = 4; lastKnownFileType = file.xib; name = MBViewController.xib; path = ViewControllers/MBViewController.xib; sourceTree = "<group>"; };
/* End PBXFileReference section */

/* Begin PBXFrameworksBuildPhase section */
		65CED01D14FBE63800A683B2 /* Frameworks */ = {
			isa = PBXFrameworksBuildPhase;
			buildActionMask = 2147483647;
			files = (
				65CED08314FBF1EC00A683B2 /* CFNetwork.framework in Frameworks */,
				65CED07E14FBF10F00A683B2 /* libsqlite3.0.dylib in Frameworks */,
				65CED02514FBE63800A683B2 /* UIKit.framework in Frameworks */,
				65CED02714FBE63800A683B2 /* Foundation.framework in Frameworks */,
				65CED02914FBE63800A683B2 /* CoreGraphics.framework in Frameworks */,
				65CED08014FBF14200A683B2 /* libGoogleAnalytics.a in Frameworks */,
			);
			runOnlyForDeploymentPostprocessing = 0;
		};
		65CED04B14FBE63800A683B2 /* Frameworks */ = {
			isa = PBXFrameworksBuildPhase;
			buildActionMask = 2147483647;
			files = (
				65CED05114FBE63800A683B2 /* SenTestingKit.framework in Frameworks */,
				65CED05214FBE63800A683B2 /* UIKit.framework in Frameworks */,
				65CED05314FBE63800A683B2 /* Foundation.framework in Frameworks */,
			);
			runOnlyForDeploymentPostprocessing = 0;
		};
/* End PBXFrameworksBuildPhase section */

/* Begin PBXGroup section */
		6582F9F414FCFA5600D46515 /* GA Tracking */ = {
			isa = PBXGroup;
			children = (
				65AB4C731506340B00411F36 /* MBGoogleAnalytics.h */,
				65AB4C741506340B00411F36 /* MBGoogleAnalytics.m */,
			);
			name = "GA Tracking";
			sourceTree = "<group>";
		};
		65CED01514FBE63800A683B2 = {
			isa = PBXGroup;
			children = (
				65CED02A14FBE63800A683B2 /* GATest */,
				65CED05614FBE63800A683B2 /* GATestTests */,
				65CED02314FBE63800A683B2 /* Frameworks */,
				65CED02114FBE63800A683B2 /* Products */,
			);
			sourceTree = "<group>";
		};
		65CED02114FBE63800A683B2 /* Products */ = {
			isa = PBXGroup;
			children = (
				65CED02014FBE63800A683B2 /* GATest.app */,
				65CED04F14FBE63800A683B2 /* GATestTests.octest */,
			);
			name = Products;
			sourceTree = "<group>";
		};
		65CED02314FBE63800A683B2 /* Frameworks */ = {
			isa = PBXGroup;
			children = (
				65CED07F14FBF14200A683B2 /* libGoogleAnalytics.a */,
				65CED07D14FBF10F00A683B2 /* libsqlite3.0.dylib */,
				65CED08214FBF1EC00A683B2 /* CFNetwork.framework */,
				65CED02414FBE63800A683B2 /* UIKit.framework */,
				65CED02614FBE63800A683B2 /* Foundation.framework */,
				65CED02814FBE63800A683B2 /* CoreGraphics.framework */,
				65CED05014FBE63800A683B2 /* SenTestingKit.framework */,
			);
			name = Frameworks;
			sourceTree = "<group>";
		};
		65CED02A14FBE63800A683B2 /* GATest */ = {
			isa = PBXGroup;
			children = (
				6582F9F414FCFA5600D46515 /* GA Tracking */,
				65CED07314FBEADE00A683B2 /* Google Analytics */,
				65CED06814FBE79C00A683B2 /* Models */,
				65CED06914FBE7A800A683B2 /* ViewControllers */,
				65CED03314FBE63800A683B2 /* AppDelegate.h */,
				65CED03414FBE63800A683B2 /* AppDelegate.m */,
				65CED02B14FBE63800A683B2 /* Supporting Files */,
			);
			path = GATest;
			sourceTree = "<group>";
		};
		65CED02B14FBE63800A683B2 /* Supporting Files */ = {
			isa = PBXGroup;
			children = (
				65CED06A14FBE7C100A683B2 /* Images */,
				65CED02C14FBE63800A683B2 /* GATest-Info.plist */,
				65CED02D14FBE63800A683B2 /* InfoPlist.strings */,
				65CED03014FBE63800A683B2 /* main.m */,
				65CED03214FBE63800A683B2 /* GATest-Prefix.pch */,
			);
			name = "Supporting Files";
			sourceTree = "<group>";
		};
		65CED05614FBE63800A683B2 /* GATestTests */ = {
			isa = PBXGroup;
			children = (
				65CED05C14FBE63800A683B2 /* GATestTests.h */,
				65CED05D14FBE63800A683B2 /* GATestTests.m */,
				65CED05714FBE63800A683B2 /* Supporting Files */,
			);
			path = GATestTests;
			sourceTree = "<group>";
		};
		65CED05714FBE63800A683B2 /* Supporting Files */ = {
			isa = PBXGroup;
			children = (
				65CED05814FBE63800A683B2 /* GATestTests-Info.plist */,
				65CED05914FBE63800A683B2 /* InfoPlist.strings */,
			);
			name = "Supporting Files";
			sourceTree = "<group>";
		};
		65CED06814FBE79C00A683B2 /* Models */ = {
			isa = PBXGroup;
			children = (
			);
			name = Models;
			sourceTree = "<group>";
		};
		65CED06914FBE7A800A683B2 /* ViewControllers */ = {
			isa = PBXGroup;
			children = (
				65CED03614FBE63800A683B2 /* FirstViewController.h */,
				65CED03714FBE63800A683B2 /* FirstViewController.m */,
				65CED04414FBE63800A683B2 /* FirstViewController.xib */,
				65CED03D14FBE63800A683B2 /* SecondViewController.h */,
				65CED03E14FBE63800A683B2 /* SecondViewController.m */,
				65CED04714FBE63800A683B2 /* SecondViewController.xib */,
				65CED08414FBF27200A683B2 /* MBViewController.h */,
				65CED08514FBF27200A683B2 /* MBViewController.m */,
				65CED08614FBF27200A683B2 /* MBViewController.xib */,
			);
			name = ViewControllers;
			sourceTree = "<group>";
		};
		65CED06A14FBE7C100A683B2 /* Images */ = {
			isa = PBXGroup;
			children = (
				65CED03914FBE63800A683B2 /* first.png */,
				65CED03B14FBE63800A683B2 /* first@2x.png */,
				65CED04014FBE63800A683B2 /* second.png */,
				65CED04214FBE63800A683B2 /* second@2x.png */,
			);
			name = Images;
			sourceTree = "<group>";
		};
		65CED07314FBEADE00A683B2 /* Google Analytics */ = {
			isa = PBXGroup;
			children = (
				65CED08114FBF16E00A683B2 /* GANTracker.h */,
			);
			name = "Google Analytics";
			sourceTree = "<group>";
		};
/* End PBXGroup section */

/* Begin PBXNativeTarget section */
		65CED01F14FBE63800A683B2 /* GATest */ = {
			isa = PBXNativeTarget;
			buildConfigurationList = 65CED06114FBE63800A683B2 /* Build configuration list for PBXNativeTarget "GATest" */;
			buildPhases = (
				65CED01C14FBE63800A683B2 /* Sources */,
				65CED01D14FBE63800A683B2 /* Frameworks */,
				65CED01E14FBE63800A683B2 /* Resources */,
			);
			buildRules = (
			);
			dependencies = (
			);
			name = GATest;
			productName = GATest;
			productReference = 65CED02014FBE63800A683B2 /* GATest.app */;
			productType = "com.apple.product-type.application";
		};
		65CED04E14FBE63800A683B2 /* GATestTests */ = {
			isa = PBXNativeTarget;
			buildConfigurationList = 65CED06414FBE63800A683B2 /* Build configuration list for PBXNativeTarget "GATestTests" */;
			buildPhases = (
				65CED04A14FBE63800A683B2 /* Sources */,
				65CED04B14FBE63800A683B2 /* Frameworks */,
				65CED04C14FBE63800A683B2 /* Resources */,
				65CED04D14FBE63800A683B2 /* ShellScript */,
			);
			buildRules = (
			);
			dependencies = (
				65CED05514FBE63800A683B2 /* PBXTargetDependency */,
			);
			name = GATestTests;
			productName = GATestTests;
			productReference = 65CED04F14FBE63800A683B2 /* GATestTests.octest */;
			productType = "com.apple.product-type.bundle";
		};
/* End PBXNativeTarget section */

/* Begin PBXProject section */
		65CED01714FBE63800A683B2 /* Project object */ = {
			isa = PBXProject;
			attributes = {
				LastUpgradeCheck = 0420;
			};
			buildConfigurationList = 65CED01A14FBE63800A683B2 /* Build configuration list for PBXProject "GATest" */;
			compatibilityVersion = "Xcode 3.2";
			developmentRegion = English;
			hasScannedForEncodings = 0;
			knownRegions = (
				en,
			);
			mainGroup = 65CED01514FBE63800A683B2;
			productRefGroup = 65CED02114FBE63800A683B2 /* Products */;
			projectDirPath = "";
			projectRoot = "";
			targets = (
				65CED01F14FBE63800A683B2 /* GATest */,
				65CED04E14FBE63800A683B2 /* GATestTests */,
			);
		};
/* End PBXProject section */

/* Begin PBXResourcesBuildPhase section */
		65CED01E14FBE63800A683B2 /* Resources */ = {
			isa = PBXResourcesBuildPhase;
			buildActionMask = 2147483647;
			files = (
				65CED02F14FBE63800A683B2 /* InfoPlist.strings in Resources */,
				65CED03A14FBE63800A683B2 /* first.png in Resources */,
				65CED03C14FBE63800A683B2 /* first@2x.png in Resources */,
				65CED04114FBE63800A683B2 /* second.png in Resources */,
				65CED04314FBE63800A683B2 /* second@2x.png in Resources */,
				65CED04614FBE63800A683B2 /* FirstViewController.xib in Resources */,
				65CED04914FBE63800A683B2 /* SecondViewController.xib in Resources */,
				65CED08814FBF27200A683B2 /* MBViewController.xib in Resources */,
			);
			runOnlyForDeploymentPostprocessing = 0;
		};
		65CED04C14FBE63800A683B2 /* Resources */ = {
			isa = PBXResourcesBuildPhase;
			buildActionMask = 2147483647;
			files = (
				65CED05B14FBE63800A683B2 /* InfoPlist.strings in Resources */,
			);
			runOnlyForDeploymentPostprocessing = 0;
		};
/* End PBXResourcesBuildPhase section */

/* Begin PBXShellScriptBuildPhase section */
		65CED04D14FBE63800A683B2 /* ShellScript */ = {
			isa = PBXShellScriptBuildPhase;
			buildActionMask = 2147483647;
			files = (
			);
			inputPaths = (
			);
			outputPaths = (
			);
			runOnlyForDeploymentPostprocessing = 0;
			shellPath = /bin/sh;
			shellScript = "# Run the unit tests in this test bundle.\n\"${SYSTEM_DEVELOPER_DIR}/Tools/RunUnitTests\"\n";
		};
/* End PBXShellScriptBuildPhase section */

/* Begin PBXSourcesBuildPhase section */
		65CED01C14FBE63800A683B2 /* Sources */ = {
			isa = PBXSourcesBuildPhase;
			buildActionMask = 2147483647;
			files = (
				65CED03114FBE63800A683B2 /* main.m in Sources */,
				65CED03514FBE63800A683B2 /* AppDelegate.m in Sources */,
				65CED03814FBE63800A683B2 /* FirstViewController.m in Sources */,
				65CED03F14FBE63800A683B2 /* SecondViewController.m in Sources */,
				65CED08714FBF27200A683B2 /* MBViewController.m in Sources */,
				65AB4C751506340B00411F36 /* MBGoogleAnalytics.m in Sources */,
			);
			runOnlyForDeploymentPostprocessing = 0;
		};
		65CED04A14FBE63800A683B2 /* Sources */ = {
			isa = PBXSourcesBuildPhase;
			buildActionMask = 2147483647;
			files = (
				65CED05E14FBE63800A683B2 /* GATestTests.m in Sources */,
			);
			runOnlyForDeploymentPostprocessing = 0;
		};
/* End PBXSourcesBuildPhase section */

/* Begin PBXTargetDependency section */
		65CED05514FBE63800A683B2 /* PBXTargetDependency */ = {
			isa = PBXTargetDependency;
			target = 65CED01F14FBE63800A683B2 /* GATest */;
			targetProxy = 65CED05414FBE63800A683B2 /* PBXContainerItemProxy */;
		};
/* End PBXTargetDependency section */

/* Begin PBXVariantGroup section */
		65CED02D14FBE63800A683B2 /* InfoPlist.strings */ = {
			isa = PBXVariantGroup;
			children = (
				65CED02E14FBE63800A683B2 /* en */,
			);
			name = InfoPlist.strings;
			sourceTree = "<group>";
		};
		65CED04414FBE63800A683B2 /* FirstViewController.xib */ = {
			isa = PBXVariantGroup;
			children = (
				65CED04514FBE63800A683B2 /* en */,
			);
			name = FirstViewController.xib;
			sourceTree = "<group>";
		};
		65CED04714FBE63800A683B2 /* SecondViewController.xib */ = {
			isa = PBXVariantGroup;
			children = (
				65CED04814FBE63800A683B2 /* en */,
			);
			name = SecondViewController.xib;
			sourceTree = "<group>";
		};
		65CED05914FBE63800A683B2 /* InfoPlist.strings */ = {
			isa = PBXVariantGroup;
			children = (
				65CED05A14FBE63800A683B2 /* en */,
			);
			name = InfoPlist.strings;
			sourceTree = "<group>";
		};
/* End PBXVariantGroup section */

/* Begin XCBuildConfiguration section */
		65CED05F14FBE63800A683B2 /* Debug */ = {
			isa = XCBuildConfiguration;
			buildSettings = {
				ALWAYS_SEARCH_USER_PATHS = NO;
				ARCHS = "$(ARCHS_STANDARD_32_BIT)";
				CLANG_ENABLE_OBJC_ARC = YES;
				"CODE_SIGN_IDENTITY[sdk=iphoneos*]" = "iPhone Developer";
				COPY_PHASE_STRIP = NO;
				GCC_C_LANGUAGE_STANDARD = gnu99;
				GCC_DYNAMIC_NO_PIC = NO;
				GCC_OPTIMIZATION_LEVEL = 0;
				GCC_PREPROCESSOR_DEFINITIONS = (
					"DEBUG=1",
					"$(inherited)",
				);
				GCC_SYMBOLS_PRIVATE_EXTERN = NO;
				GCC_VERSION = com.apple.compilers.llvm.clang.1_0;
				GCC_WARN_ABOUT_MISSING_PROTOTYPES = YES;
				GCC_WARN_ABOUT_RETURN_TYPE = YES;
				GCC_WARN_UNUSED_VARIABLE = YES;
				IPHONEOS_DEPLOYMENT_TARGET = 5.0;
				SDKROOT = iphoneos;
			};
			name = Debug;
		};
		65CED06014FBE63800A683B2 /* Release */ = {
			isa = XCBuildConfiguration;
			buildSettings = {
				ALWAYS_SEARCH_USER_PATHS = NO;
				ARCHS = "$(ARCHS_STANDARD_32_BIT)";
				CLANG_ENABLE_OBJC_ARC = YES;
				"CODE_SIGN_IDENTITY[sdk=iphoneos*]" = "iPhone Developer";
				COPY_PHASE_STRIP = YES;
				GCC_C_LANGUAGE_STANDARD = gnu99;
				GCC_VERSION = com.apple.compilers.llvm.clang.1_0;
				GCC_WARN_ABOUT_MISSING_PROTOTYPES = YES;
				GCC_WARN_ABOUT_RETURN_TYPE = YES;
				GCC_WARN_UNUSED_VARIABLE = YES;
				IPHONEOS_DEPLOYMENT_TARGET = 5.0;
				OTHER_CFLAGS = "-DNS_BLOCK_ASSERTIONS=1";
				SDKROOT = iphoneos;
				VALIDATE_PRODUCT = YES;
			};
			name = Release;
		};
		65CED06214FBE63800A683B2 /* Debug */ = {
			isa = XCBuildConfiguration;
			buildSettings = {
				GCC_PRECOMPILE_PREFIX_HEADER = YES;
				GCC_PREFIX_HEADER = "GATest/GATest-Prefix.pch";
				INFOPLIST_FILE = "GATest/GATest-Info.plist";
				LIBRARY_SEARCH_PATHS = (
					"$(inherited)",
					"\"$(SRCROOT)/GATest\"",
					"\"$(SRCROOT)\"",
				);
				PRODUCT_NAME = "$(TARGET_NAME)";
				VALID_ARCHS = "armv6 armv7";
				WRAPPER_EXTENSION = app;
			};
			name = Debug;
		};
		65CED06314FBE63800A683B2 /* Release */ = {
			isa = XCBuildConfiguration;
			buildSettings = {
				GCC_PRECOMPILE_PREFIX_HEADER = YES;
				GCC_PREFIX_HEADER = "GATest/GATest-Prefix.pch";
				INFOPLIST_FILE = "GATest/GATest-Info.plist";
				LIBRARY_SEARCH_PATHS = (
					"$(inherited)",
					"\"$(SRCROOT)/GATest\"",
					"\"$(SRCROOT)\"",
				);
				PRODUCT_NAME = "$(TARGET_NAME)";
				VALID_ARCHS = "armv6 armv7";
				WRAPPER_EXTENSION = app;
			};
			name = Release;
		};
		65CED06514FBE63800A683B2 /* Debug */ = {
			isa = XCBuildConfiguration;
			buildSettings = {
				BUNDLE_LOADER = "$(BUILT_PRODUCTS_DIR)/GATest.app/GATest";
				FRAMEWORK_SEARCH_PATHS = (
					"$(SDKROOT)/Developer/Library/Frameworks",
					"$(DEVELOPER_LIBRARY_DIR)/Frameworks",
				);
				GCC_PRECOMPILE_PREFIX_HEADER = YES;
				GCC_PREFIX_HEADER = "GATest/GATest-Prefix.pch";
				INFOPLIST_FILE = "GATestTests/GATestTests-Info.plist";
				PRODUCT_NAME = "$(TARGET_NAME)";
				TEST_HOST = "$(BUNDLE_LOADER)";
				WRAPPER_EXTENSION = octest;
			};
			name = Debug;
		};
		65CED06614FBE63800A683B2 /* Release */ = {
			isa = XCBuildConfiguration;
			buildSettings = {
				BUNDLE_LOADER = "$(BUILT_PRODUCTS_DIR)/GATest.app/GATest";
				FRAMEWORK_SEARCH_PATHS = (
					"$(SDKROOT)/Developer/Library/Frameworks",
					"$(DEVELOPER_LIBRARY_DIR)/Frameworks",
				);
				GCC_PRECOMPILE_PREFIX_HEADER = YES;
				GCC_PREFIX_HEADER = "GATest/GATest-Prefix.pch";
				INFOPLIST_FILE = "GATestTests/GATestTests-Info.plist";
				PRODUCT_NAME = "$(TARGET_NAME)";
				TEST_HOST = "$(BUNDLE_LOADER)";
				WRAPPER_EXTENSION = octest;
			};
			name = Release;
		};
/* End XCBuildConfiguration section */

/* Begin XCConfigurationList section */
		65CED01A14FBE63800A683B2 /* Build configuration list for PBXProject "GATest" */ = {
			isa = XCConfigurationList;
			buildConfigurations = (
				65CED05F14FBE63800A683B2 /* Debug */,
				65CED06014FBE63800A683B2 /* Release */,
			);
			defaultConfigurationIsVisible = 0;
			defaultConfigurationName = Release;
		};
		65CED06114FBE63800A683B2 /* Build configuration list for PBXNativeTarget "GATest" */ = {
			isa = XCConfigurationList;
			buildConfigurations = (
				65CED06214FBE63800A683B2 /* Debug */,
				65CED06314FBE63800A683B2 /* Release */,
			);
			defaultConfigurationIsVisible = 0;
			defaultConfigurationName = Release;
		};
		65CED06414FBE63800A683B2 /* Build configuration list for PBXNativeTarget "GATestTests" */ = {
			isa = XCConfigurationList;
			buildConfigurations = (
				65CED06514FBE63800A683B2 /* Debug */,
				65CED06614FBE63800A683B2 /* Release */,
			);
			defaultConfigurationIsVisible = 0;
			defaultConfigurationName = Release;
		};
/* End XCConfigurationList section */
	};
	rootObject = 65CED01714FBE63800A683B2 /* Project object */;
}
