// !$*UTF8*$!
{
	archiveVersion = 1;
	classes = {
	};
	objectVersion = 46;
	objects = {

/* Begin PBXBuildFile section */
		6574D4F214D2BF0C005574EB /* WS_SendPhoneData.m in Sources */ = {isa = PBXBuildFile; fileRef = 6574D4F114D2BF0C005574EB /* WS_SendPhoneData.m */; };
		6574D4F714D2C417005574EB /* Product.m in Sources */ = {isa = PBXBuildFile; fileRef = 6574D4F614D2C417005574EB /* Product.m */; };
		6574D51A14D309BB005574EB /* NSObject+SBJson.m in Sources */ = {isa = PBXBuildFile; fileRef = 6574D50214D309BB005574EB /* NSObject+SBJson.m */; };
		6574D51B14D309BB005574EB /* SBJsonParser.m in Sources */ = {isa = PBXBuildFile; fileRef = 6574D50514D309BB005574EB /* SBJsonParser.m */; };
		6574D51C14D309BB005574EB /* SBJsonStreamParser.m in Sources */ = {isa = PBXBuildFile; fileRef = 6574D50714D309BB005574EB /* SBJsonStreamParser.m */; };
		6574D51D14D309BB005574EB /* SBJsonStreamParserAccumulator.m in Sources */ = {isa = PBXBuildFile; fileRef = 6574D50914D309BB005574EB /* SBJsonStreamParserAccumulator.m */; };
		6574D51E14D309BB005574EB /* SBJsonStreamParserAdapter.m in Sources */ = {isa = PBXBuildFile; fileRef = 6574D50B14D309BB005574EB /* SBJsonStreamParserAdapter.m */; };
		6574D51F14D309BB005574EB /* SBJsonStreamParserState.m in Sources */ = {isa = PBXBuildFile; fileRef = 6574D50D14D309BB005574EB /* SBJsonStreamParserState.m */; };
		6574D52014D309BB005574EB /* SBJsonStreamWriter.m in Sources */ = {isa = PBXBuildFile; fileRef = 6574D50F14D309BB005574EB /* SBJsonStreamWriter.m */; };
		6574D52114D309BB005574EB /* SBJsonStreamWriterAccumulator.m in Sources */ = {isa = PBXBuildFile; fileRef = 6574D51114D309BB005574EB /* SBJsonStreamWriterAccumulator.m */; };
		6574D52214D309BB005574EB /* SBJsonStreamWriterState.m in Sources */ = {isa = PBXBuildFile; fileRef = 6574D51314D309BB005574EB /* SBJsonStreamWriterState.m */; };
		6574D52314D309BB005574EB /* SBJsonTokeniser.m in Sources */ = {isa = PBXBuildFile; fileRef = 6574D51514D309BB005574EB /* SBJsonTokeniser.m */; };
		6574D52414D309BB005574EB /* SBJsonUTF8Stream.m in Sources */ = {isa = PBXBuildFile; fileRef = 6574D51714D309BB005574EB /* SBJsonUTF8Stream.m */; };
		6574D52514D309BB005574EB /* SBJsonWriter.m in Sources */ = {isa = PBXBuildFile; fileRef = 6574D51914D309BB005574EB /* SBJsonWriter.m */; };
		6574D52E14D30AAD005574EB /* dnProductViewController.m in Sources */ = {isa = PBXBuildFile; fileRef = 6574D52C14D30AAD005574EB /* dnProductViewController.m */; };
		6574D52F14D30AAD005574EB /* dnProductViewController.xib in Resources */ = {isa = PBXBuildFile; fileRef = 6574D52D14D30AAD005574EB /* dnProductViewController.xib */; };
		65F42D3314C733E500BC9C83 /* UIKit.framework in Frameworks */ = {isa = PBXBuildFile; fileRef = 65F42D3214C733E500BC9C83 /* UIKit.framework */; };
		65F42D3514C733E500BC9C83 /* Foundation.framework in Frameworks */ = {isa = PBXBuildFile; fileRef = 65F42D3414C733E500BC9C83 /* Foundation.framework */; };
		65F42D3714C733E500BC9C83 /* CoreGraphics.framework in Frameworks */ = {isa = PBXBuildFile; fileRef = 65F42D3614C733E500BC9C83 /* CoreGraphics.framework */; };
		65F42D3D14C733E500BC9C83 /* InfoPlist.strings in Resources */ = {isa = PBXBuildFile; fileRef = 65F42D3B14C733E500BC9C83 /* InfoPlist.strings */; };
		65F42D3F14C733E500BC9C83 /* main.m in Sources */ = {isa = PBXBuildFile; fileRef = 65F42D3E14C733E500BC9C83 /* main.m */; };
		65F42D4314C733E500BC9C83 /* dnAppDelegate.m in Sources */ = {isa = PBXBuildFile; fileRef = 65F42D4214C733E500BC9C83 /* dnAppDelegate.m */; };
		65F42D4614C733E500BC9C83 /* dnViewController.m in Sources */ = {isa = PBXBuildFile; fileRef = 65F42D4514C733E500BC9C83 /* dnViewController.m */; };
		65F42D4914C733E500BC9C83 /* dnViewController.xib in Resources */ = {isa = PBXBuildFile; fileRef = 65F42D4714C733E500BC9C83 /* dnViewController.xib */; };
/* End PBXBuildFile section */

/* Begin PBXFileReference section */
		6574D4F014D2BF0C005574EB /* WS_SendPhoneData.h */ = {isa = PBXFileReference; fileEncoding = 4; lastKnownFileType = sourcecode.c.h; path = WS_SendPhoneData.h; sourceTree = "<group>"; };
		6574D4F114D2BF0C005574EB /* WS_SendPhoneData.m */ = {isa = PBXFileReference; fileEncoding = 4; lastKnownFileType = sourcecode.c.objc; path = WS_SendPhoneData.m; sourceTree = "<group>"; };
		6574D4F514D2C417005574EB /* Product.h */ = {isa = PBXFileReference; fileEncoding = 4; lastKnownFileType = sourcecode.c.h; path = Product.h; sourceTree = "<group>"; };
		6574D4F614D2C417005574EB /* Product.m */ = {isa = PBXFileReference; fileEncoding = 4; lastKnownFileType = sourcecode.c.objc; path = Product.m; sourceTree = "<group>"; };
		6574D4FC14D2C4C0005574EB /* Constants.h */ = {isa = PBXFileReference; fileEncoding = 4; lastKnownFileType = sourcecode.c.h; path = Constants.h; sourceTree = "<group>"; };
		6574D50114D309BB005574EB /* NSObject+SBJson.h */ = {isa = PBXFileReference; fileEncoding = 4; lastKnownFileType = sourcecode.c.h; path = "NSObject+SBJson.h"; sourceTree = "<group>"; };
		6574D50214D309BB005574EB /* NSObject+SBJson.m */ = {isa = PBXFileReference; fileEncoding = 4; lastKnownFileType = sourcecode.c.objc; path = "NSObject+SBJson.m"; sourceTree = "<group>"; };
		6574D50314D309BB005574EB /* SBJson.h */ = {isa = PBXFileReference; fileEncoding = 4; lastKnownFileType = sourcecode.c.h; path = SBJson.h; sourceTree = "<group>"; };
		6574D50414D309BB005574EB /* SBJsonParser.h */ = {isa = PBXFileReference; fileEncoding = 4; lastKnownFileType = sourcecode.c.h; path = SBJsonParser.h; sourceTree = "<group>"; };
		6574D50514D309BB005574EB /* SBJsonParser.m */ = {isa = PBXFileReference; fileEncoding = 4; lastKnownFileType = sourcecode.c.objc; path = SBJsonParser.m; sourceTree = "<group>"; };
		6574D50614D309BB005574EB /* SBJsonStreamParser.h */ = {isa = PBXFileReference; fileEncoding = 4; lastKnownFileType = sourcecode.c.h; path = SBJsonStreamParser.h; sourceTree = "<group>"; };
		6574D50714D309BB005574EB /* SBJsonStreamParser.m */ = {isa = PBXFileReference; fileEncoding = 4; lastKnownFileType = sourcecode.c.objc; path = SBJsonStreamParser.m; sourceTree = "<group>"; };
		6574D50814D309BB005574EB /* SBJsonStreamParserAccumulator.h */ = {isa = PBXFileReference; fileEncoding = 4; lastKnownFileType = sourcecode.c.h; path = SBJsonStreamParserAccumulator.h; sourceTree = "<group>"; };
		6574D50914D309BB005574EB /* SBJsonStreamParserAccumulator.m */ = {isa = PBXFileReference; fileEncoding = 4; lastKnownFileType = sourcecode.c.objc; path = SBJsonStreamParserAccumulator.m; sourceTree = "<group>"; };
		6574D50A14D309BB005574EB /* SBJsonStreamParserAdapter.h */ = {isa = PBXFileReference; fileEncoding = 4; lastKnownFileType = sourcecode.c.h; path = SBJsonStreamParserAdapter.h; sourceTree = "<group>"; };
		6574D50B14D309BB005574EB /* SBJsonStreamParserAdapter.m */ = {isa = PBXFileReference; fileEncoding = 4; lastKnownFileType = sourcecode.c.objc; path = SBJsonStreamParserAdapter.m; sourceTree = "<group>"; };
		6574D50C14D309BB005574EB /* SBJsonStreamParserState.h */ = {isa = PBXFileReference; fileEncoding = 4; lastKnownFileType = sourcecode.c.h; path = SBJsonStreamParserState.h; sourceTree = "<group>"; };
		6574D50D14D309BB005574EB /* SBJsonStreamParserState.m */ = {isa = PBXFileReference; fileEncoding = 4; lastKnownFileType = sourcecode.c.objc; path = SBJsonStreamParserState.m; sourceTree = "<group>"; };
		6574D50E14D309BB005574EB /* SBJsonStreamWriter.h */ = {isa = PBXFileReference; fileEncoding = 4; lastKnownFileType = sourcecode.c.h; path = SBJsonStreamWriter.h; sourceTree = "<group>"; };
		6574D50F14D309BB005574EB /* SBJsonStreamWriter.m */ = {isa = PBXFileReference; fileEncoding = 4; lastKnownFileType = sourcecode.c.objc; path = SBJsonStreamWriter.m; sourceTree = "<group>"; };
		6574D51014D309BB005574EB /* SBJsonStreamWriterAccumulator.h */ = {isa = PBXFileReference; fileEncoding = 4; lastKnownFileType = sourcecode.c.h; path = SBJsonStreamWriterAccumulator.h; sourceTree = "<group>"; };
		6574D51114D309BB005574EB /* SBJsonStreamWriterAccumulator.m */ = {isa = PBXFileReference; fileEncoding = 4; lastKnownFileType = sourcecode.c.objc; path = SBJsonStreamWriterAccumulator.m; sourceTree = "<group>"; };
		6574D51214D309BB005574EB /* SBJsonStreamWriterState.h */ = {isa = PBXFileReference; fileEncoding = 4; lastKnownFileType = sourcecode.c.h; path = SBJsonStreamWriterState.h; sourceTree = "<group>"; };
		6574D51314D309BB005574EB /* SBJsonStreamWriterState.m */ = {isa = PBXFileReference; fileEncoding = 4; lastKnownFileType = sourcecode.c.objc; path = SBJsonStreamWriterState.m; sourceTree = "<group>"; };
		6574D51414D309BB005574EB /* SBJsonTokeniser.h */ = {isa = PBXFileReference; fileEncoding = 4; lastKnownFileType = sourcecode.c.h; path = SBJsonTokeniser.h; sourceTree = "<group>"; };
		6574D51514D309BB005574EB /* SBJsonTokeniser.m */ = {isa = PBXFileReference; fileEncoding = 4; lastKnownFileType = sourcecode.c.objc; path = SBJsonTokeniser.m; sourceTree = "<group>"; };
		6574D51614D309BB005574EB /* SBJsonUTF8Stream.h */ = {isa = PBXFileReference; fileEncoding = 4; lastKnownFileType = sourcecode.c.h; path = SBJsonUTF8Stream.h; sourceTree = "<group>"; };
		6574D51714D309BB005574EB /* SBJsonUTF8Stream.m */ = {isa = PBXFileReference; fileEncoding = 4; lastKnownFileType = sourcecode.c.objc; path = SBJsonUTF8Stream.m; sourceTree = "<group>"; };
		6574D51814D309BB005574EB /* SBJsonWriter.h */ = {isa = PBXFileReference; fileEncoding = 4; lastKnownFileType = sourcecode.c.h; path = SBJsonWriter.h; sourceTree = "<group>"; };
		6574D51914D309BB005574EB /* SBJsonWriter.m */ = {isa = PBXFileReference; fileEncoding = 4; lastKnownFileType = sourcecode.c.objc; path = SBJsonWriter.m; sourceTree = "<group>"; };
		6574D52B14D30AAD005574EB /* dnProductViewController.h */ = {isa = PBXFileReference; fileEncoding = 4; lastKnownFileType = sourcecode.c.h; path = dnProductViewController.h; sourceTree = "<group>"; };
		6574D52C14D30AAD005574EB /* dnProductViewController.m */ = {isa = PBXFileReference; fileEncoding = 4; lastKnownFileType = sourcecode.c.objc; path = dnProductViewController.m; sourceTree = "<group>"; };
		6574D52D14D30AAD005574EB /* dnProductViewController.xib */ = {isa = PBXFileReference; fileEncoding = 4; lastKnownFileType = file.xib; path = dnProductViewController.xib; sourceTree = "<group>"; };
		65F42D2E14C733E500BC9C83 /* 10CMSTest.app */ = {isa = PBXFileReference; explicitFileType = wrapper.application; includeInIndex = 0; path = 10CMSTest.app; sourceTree = BUILT_PRODUCTS_DIR; };
		65F42D3214C733E500BC9C83 /* UIKit.framework */ = {isa = PBXFileReference; lastKnownFileType = wrapper.framework; name = UIKit.framework; path = System/Library/Frameworks/UIKit.framework; sourceTree = SDKROOT; };
		65F42D3414C733E500BC9C83 /* Foundation.framework */ = {isa = PBXFileReference; lastKnownFileType = wrapper.framework; name = Foundation.framework; path = System/Library/Frameworks/Foundation.framework; sourceTree = SDKROOT; };
		65F42D3614C733E500BC9C83 /* CoreGraphics.framework */ = {isa = PBXFileReference; lastKnownFileType = wrapper.framework; name = CoreGraphics.framework; path = System/Library/Frameworks/CoreGraphics.framework; sourceTree = SDKROOT; };
		65F42D3A14C733E500BC9C83 /* 10CMSTest-Info.plist */ = {isa = PBXFileReference; lastKnownFileType = text.plist.xml; path = "10CMSTest-Info.plist"; sourceTree = "<group>"; };
		65F42D3C14C733E500BC9C83 /* en */ = {isa = PBXFileReference; lastKnownFileType = text.plist.strings; name = en; path = en.lproj/InfoPlist.strings; sourceTree = "<group>"; };
		65F42D3E14C733E500BC9C83 /* main.m */ = {isa = PBXFileReference; lastKnownFileType = sourcecode.c.objc; path = main.m; sourceTree = "<group>"; };
		65F42D4014C733E500BC9C83 /* 10CMSTest-Prefix.pch */ = {isa = PBXFileReference; lastKnownFileType = sourcecode.c.h; path = "10CMSTest-Prefix.pch"; sourceTree = "<group>"; };
		65F42D4114C733E500BC9C83 /* dnAppDelegate.h */ = {isa = PBXFileReference; lastKnownFileType = sourcecode.c.h; path = dnAppDelegate.h; sourceTree = "<group>"; };
		65F42D4214C733E500BC9C83 /* dnAppDelegate.m */ = {isa = PBXFileReference; lastKnownFileType = sourcecode.c.objc; path = dnAppDelegate.m; sourceTree = "<group>"; };
		65F42D4414C733E500BC9C83 /* dnViewController.h */ = {isa = PBXFileReference; lastKnownFileType = sourcecode.c.h; path = dnViewController.h; sourceTree = "<group>"; };
		65F42D4514C733E500BC9C83 /* dnViewController.m */ = {isa = PBXFileReference; lastKnownFileType = sourcecode.c.objc; path = dnViewController.m; sourceTree = "<group>"; };
		65F42D4814C733E500BC9C83 /* en */ = {isa = PBXFileReference; lastKnownFileType = file.xib; name = en; path = en.lproj/dnViewController.xib; sourceTree = "<group>"; };
/* End PBXFileReference section */

/* Begin PBXFrameworksBuildPhase section */
		65F42D2B14C733E500BC9C83 /* Frameworks */ = {
			isa = PBXFrameworksBuildPhase;
			buildActionMask = 2147483647;
			files = (
				65F42D3314C733E500BC9C83 /* UIKit.framework in Frameworks */,
				65F42D3514C733E500BC9C83 /* Foundation.framework in Frameworks */,
				65F42D3714C733E500BC9C83 /* CoreGraphics.framework in Frameworks */,
			);
			runOnlyForDeploymentPostprocessing = 0;
		};
/* End PBXFrameworksBuildPhase section */

/* Begin PBXGroup section */
		6574D4F314D2C3AB005574EB /* Module */ = {
			isa = PBXGroup;
			children = (
				6574D4F514D2C417005574EB /* Product.h */,
				6574D4F614D2C417005574EB /* Product.m */,
			);
			name = Module;
			sourceTree = "<group>";
		};
		6574D4F414D2C3C5005574EB /* View Controller */ = {
			isa = PBXGroup;
			children = (
				65F42D4414C733E500BC9C83 /* dnViewController.h */,
				65F42D4514C733E500BC9C83 /* dnViewController.m */,
				65F42D4714C733E500BC9C83 /* dnViewController.xib */,
				6574D52B14D30AAD005574EB /* dnProductViewController.h */,
				6574D52C14D30AAD005574EB /* dnProductViewController.m */,
				6574D52D14D30AAD005574EB /* dnProductViewController.xib */,
			);
			name = "View Controller";
			sourceTree = "<group>";
		};
		6574D50014D309A1005574EB /* JSON */ = {
			isa = PBXGroup;
			children = (
				6574D50114D309BB005574EB /* NSObject+SBJson.h */,
				6574D50214D309BB005574EB /* NSObject+SBJson.m */,
				6574D50314D309BB005574EB /* SBJson.h */,
				6574D50414D309BB005574EB /* SBJsonParser.h */,
				6574D50514D309BB005574EB /* SBJsonParser.m */,
				6574D50614D309BB005574EB /* SBJsonStreamParser.h */,
				6574D50714D309BB005574EB /* SBJsonStreamParser.m */,
				6574D50814D309BB005574EB /* SBJsonStreamParserAccumulator.h */,
				6574D50914D309BB005574EB /* SBJsonStreamParserAccumulator.m */,
				6574D50A14D309BB005574EB /* SBJsonStreamParserAdapter.h */,
				6574D50B14D309BB005574EB /* SBJsonStreamParserAdapter.m */,
				6574D50C14D309BB005574EB /* SBJsonStreamParserState.h */,
				6574D50D14D309BB005574EB /* SBJsonStreamParserState.m */,
				6574D50E14D309BB005574EB /* SBJsonStreamWriter.h */,
				6574D50F14D309BB005574EB /* SBJsonStreamWriter.m */,
				6574D51014D309BB005574EB /* SBJsonStreamWriterAccumulator.h */,
				6574D51114D309BB005574EB /* SBJsonStreamWriterAccumulator.m */,
				6574D51214D309BB005574EB /* SBJsonStreamWriterState.h */,
				6574D51314D309BB005574EB /* SBJsonStreamWriterState.m */,
				6574D51414D309BB005574EB /* SBJsonTokeniser.h */,
				6574D51514D309BB005574EB /* SBJsonTokeniser.m */,
				6574D51614D309BB005574EB /* SBJsonUTF8Stream.h */,
				6574D51714D309BB005574EB /* SBJsonUTF8Stream.m */,
				6574D51814D309BB005574EB /* SBJsonWriter.h */,
				6574D51914D309BB005574EB /* SBJsonWriter.m */,
			);
			name = JSON;
			sourceTree = "<group>";
		};
		65F42D2314C733E500BC9C83 = {
			isa = PBXGroup;
			children = (
				6574D50014D309A1005574EB /* JSON */,
				65F42D3814C733E500BC9C83 /* 10CMSTest */,
				65F42D3114C733E500BC9C83 /* Frameworks */,
				65F42D2F14C733E500BC9C83 /* Products */,
			);
			sourceTree = "<group>";
		};
		65F42D2F14C733E500BC9C83 /* Products */ = {
			isa = PBXGroup;
			children = (
				65F42D2E14C733E500BC9C83 /* 10CMSTest.app */,
			);
			name = Products;
			sourceTree = "<group>";
		};
		65F42D3114C733E500BC9C83 /* Frameworks */ = {
			isa = PBXGroup;
			children = (
				65F42D3214C733E500BC9C83 /* UIKit.framework */,
				65F42D3414C733E500BC9C83 /* Foundation.framework */,
				65F42D3614C733E500BC9C83 /* CoreGraphics.framework */,
			);
			name = Frameworks;
			sourceTree = "<group>";
		};
		65F42D3814C733E500BC9C83 /* 10CMSTest */ = {
			isa = PBXGroup;
			children = (
				6574D4F414D2C3C5005574EB /* View Controller */,
				6574D4F314D2C3AB005574EB /* Module */,
				6574D4F014D2BF0C005574EB /* WS_SendPhoneData.h */,
				6574D4F114D2BF0C005574EB /* WS_SendPhoneData.m */,
				65F42D4114C733E500BC9C83 /* dnAppDelegate.h */,
				65F42D4214C733E500BC9C83 /* dnAppDelegate.m */,
				65F42D3914C733E500BC9C83 /* Supporting Files */,
				6574D4FC14D2C4C0005574EB /* Constants.h */,
			);
			path = 10CMSTest;
			sourceTree = "<group>";
		};
		65F42D3914C733E500BC9C83 /* Supporting Files */ = {
			isa = PBXGroup;
			children = (
				65F42D3A14C733E500BC9C83 /* 10CMSTest-Info.plist */,
				65F42D3B14C733E500BC9C83 /* InfoPlist.strings */,
				65F42D3E14C733E500BC9C83 /* main.m */,
				65F42D4014C733E500BC9C83 /* 10CMSTest-Prefix.pch */,
			);
			name = "Supporting Files";
			sourceTree = "<group>";
		};
/* End PBXGroup section */

/* Begin PBXNativeTarget section */
		65F42D2D14C733E500BC9C83 /* 10CMSTest */ = {
			isa = PBXNativeTarget;
			buildConfigurationList = 65F42D4C14C733E500BC9C83 /* Build configuration list for PBXNativeTarget "10CMSTest" */;
			buildPhases = (
				65F42D2A14C733E500BC9C83 /* Sources */,
				65F42D2B14C733E500BC9C83 /* Frameworks */,
				65F42D2C14C733E500BC9C83 /* Resources */,
			);
			buildRules = (
			);
			dependencies = (
			);
			name = 10CMSTest;
			productName = 10CMSTest;
			productReference = 65F42D2E14C733E500BC9C83 /* 10CMSTest.app */;
			productType = "com.apple.product-type.application";
		};
/* End PBXNativeTarget section */

/* Begin PBXProject section */
		65F42D2514C733E500BC9C83 /* Project object */ = {
			isa = PBXProject;
			attributes = {
				LastUpgradeCheck = 0420;
			};
			buildConfigurationList = 65F42D2814C733E500BC9C83 /* Build configuration list for PBXProject "10CMSTest" */;
			compatibilityVersion = "Xcode 3.2";
			developmentRegion = English;
			hasScannedForEncodings = 0;
			knownRegions = (
				en,
			);
			mainGroup = 65F42D2314C733E500BC9C83;
			productRefGroup = 65F42D2F14C733E500BC9C83 /* Products */;
			projectDirPath = "";
			projectRoot = "";
			targets = (
				65F42D2D14C733E500BC9C83 /* 10CMSTest */,
			);
		};
/* End PBXProject section */

/* Begin PBXResourcesBuildPhase section */
		65F42D2C14C733E500BC9C83 /* Resources */ = {
			isa = PBXResourcesBuildPhase;
			buildActionMask = 2147483647;
			files = (
				65F42D3D14C733E500BC9C83 /* InfoPlist.strings in Resources */,
				65F42D4914C733E500BC9C83 /* dnViewController.xib in Resources */,
				6574D52F14D30AAD005574EB /* dnProductViewController.xib in Resources */,
			);
			runOnlyForDeploymentPostprocessing = 0;
		};
/* End PBXResourcesBuildPhase section */

/* Begin PBXSourcesBuildPhase section */
		65F42D2A14C733E500BC9C83 /* Sources */ = {
			isa = PBXSourcesBuildPhase;
			buildActionMask = 2147483647;
			files = (
				65F42D3F14C733E500BC9C83 /* main.m in Sources */,
				65F42D4314C733E500BC9C83 /* dnAppDelegate.m in Sources */,
				65F42D4614C733E500BC9C83 /* dnViewController.m in Sources */,
				6574D4F214D2BF0C005574EB /* WS_SendPhoneData.m in Sources */,
				6574D4F714D2C417005574EB /* Product.m in Sources */,
				6574D51A14D309BB005574EB /* NSObject+SBJson.m in Sources */,
				6574D51B14D309BB005574EB /* SBJsonParser.m in Sources */,
				6574D51C14D309BB005574EB /* SBJsonStreamParser.m in Sources */,
				6574D51D14D309BB005574EB /* SBJsonStreamParserAccumulator.m in Sources */,
				6574D51E14D309BB005574EB /* SBJsonStreamParserAdapter.m in Sources */,
				6574D51F14D309BB005574EB /* SBJsonStreamParserState.m in Sources */,
				6574D52014D309BB005574EB /* SBJsonStreamWriter.m in Sources */,
				6574D52114D309BB005574EB /* SBJsonStreamWriterAccumulator.m in Sources */,
				6574D52214D309BB005574EB /* SBJsonStreamWriterState.m in Sources */,
				6574D52314D309BB005574EB /* SBJsonTokeniser.m in Sources */,
				6574D52414D309BB005574EB /* SBJsonUTF8Stream.m in Sources */,
				6574D52514D309BB005574EB /* SBJsonWriter.m in Sources */,
				6574D52E14D30AAD005574EB /* dnProductViewController.m in Sources */,
			);
			runOnlyForDeploymentPostprocessing = 0;
		};
/* End PBXSourcesBuildPhase section */

/* Begin PBXVariantGroup section */
		65F42D3B14C733E500BC9C83 /* InfoPlist.strings */ = {
			isa = PBXVariantGroup;
			children = (
				65F42D3C14C733E500BC9C83 /* en */,
			);
			name = InfoPlist.strings;
			sourceTree = "<group>";
		};
		65F42D4714C733E500BC9C83 /* dnViewController.xib */ = {
			isa = PBXVariantGroup;
			children = (
				65F42D4814C733E500BC9C83 /* en */,
			);
			name = dnViewController.xib;
			sourceTree = "<group>";
		};
/* End PBXVariantGroup section */

/* Begin XCBuildConfiguration section */
		65F42D4A14C733E500BC9C83 /* Debug */ = {
			isa = XCBuildConfiguration;
			buildSettings = {
				ALWAYS_SEARCH_USER_PATHS = NO;
				ARCHS = "$(ARCHS_STANDARD_32_BIT)";
				CLANG_ENABLE_OBJC_ARC = YES;
				"CODE_SIGN_IDENTITY[sdk=iphoneos*]" = "iPhone Developer";
				COPY_PHASE_STRIP = NO;
				GCC_C_LANGUAGE_STANDARD = gnu99;
				GCC_DYNAMIC_NO_PIC = NO;
				GCC_OPTIMIZATION_LEVEL = 0;
				GCC_PREPROCESSOR_DEFINITIONS = (
					"DEBUG=1",
					"$(inherited)",
				);
				GCC_SYMBOLS_PRIVATE_EXTERN = NO;
				GCC_VERSION = com.apple.compilers.llvm.clang.1_0;
				GCC_WARN_ABOUT_MISSING_PROTOTYPES = YES;
				GCC_WARN_ABOUT_RETURN_TYPE = YES;
				GCC_WARN_UNUSED_VARIABLE = YES;
				IPHONEOS_DEPLOYMENT_TARGET = 4.3;
				SDKROOT = iphoneos;
			};
			name = Debug;
		};
		65F42D4B14C733E500BC9C83 /* Release */ = {
			isa = XCBuildConfiguration;
			buildSettings = {
				ALWAYS_SEARCH_USER_PATHS = NO;
				ARCHS = "$(ARCHS_STANDARD_32_BIT)";
				CLANG_ENABLE_OBJC_ARC = YES;
				"CODE_SIGN_IDENTITY[sdk=iphoneos*]" = "iPhone Developer";
				COPY_PHASE_STRIP = YES;
				GCC_C_LANGUAGE_STANDARD = gnu99;
				GCC_VERSION = com.apple.compilers.llvm.clang.1_0;
				GCC_WARN_ABOUT_MISSING_PROTOTYPES = YES;
				GCC_WARN_ABOUT_RETURN_TYPE = YES;
				GCC_WARN_UNUSED_VARIABLE = YES;
				IPHONEOS_DEPLOYMENT_TARGET = 4.3;
				OTHER_CFLAGS = "-DNS_BLOCK_ASSERTIONS=1";
				SDKROOT = iphoneos;
				VALIDATE_PRODUCT = YES;
			};
			name = Release;
		};
		65F42D4D14C733E500BC9C83 /* Debug */ = {
			isa = XCBuildConfiguration;
			buildSettings = {
				CLANG_ENABLE_OBJC_ARC = NO;
				GCC_PRECOMPILE_PREFIX_HEADER = YES;
				GCC_PREFIX_HEADER = "10CMSTest/10CMSTest-Prefix.pch";
				INFOPLIST_FILE = "10CMSTest/10CMSTest-Info.plist";
				PRODUCT_NAME = "$(TARGET_NAME)";
				WRAPPER_EXTENSION = app;
			};
			name = Debug;
		};
		65F42D4E14C733E500BC9C83 /* Release */ = {
			isa = XCBuildConfiguration;
			buildSettings = {
				CLANG_ENABLE_OBJC_ARC = NO;
				GCC_PRECOMPILE_PREFIX_HEADER = YES;
				GCC_PREFIX_HEADER = "10CMSTest/10CMSTest-Prefix.pch";
				INFOPLIST_FILE = "10CMSTest/10CMSTest-Info.plist";
				PRODUCT_NAME = "$(TARGET_NAME)";
				WRAPPER_EXTENSION = app;
			};
			name = Release;
		};
/* End XCBuildConfiguration section */

/* Begin XCConfigurationList section */
		65F42D2814C733E500BC9C83 /* Build configuration list for PBXProject "10CMSTest" */ = {
			isa = XCConfigurationList;
			buildConfigurations = (
				65F42D4A14C733E500BC9C83 /* Debug */,
				65F42D4B14C733E500BC9C83 /* Release */,
			);
			defaultConfigurationIsVisible = 0;
			defaultConfigurationName = Release;
		};
		65F42D4C14C733E500BC9C83 /* Build configuration list for PBXNativeTarget "10CMSTest" */ = {
			isa = XCConfigurationList;
			buildConfigurations = (
				65F42D4D14C733E500BC9C83 /* Debug */,
				65F42D4E14C733E500BC9C83 /* Release */,
			);
			defaultConfigurationIsVisible = 0;
			defaultConfigurationName = Release;
		};
/* End XCConfigurationList section */
	};
	rootObject = 65F42D2514C733E500BC9C83 /* Project object */;
}
