// !$*UTF8*$!
{
	archiveVersion = 1;
	classes = {
	};
	objectVersion = 46;
	objects = {

/* Begin PBXBuildFile section */
		65E3737614BF346B00FEA516 /* UIKit.framework in Frameworks */ = {isa = PBXBuildFile; fileRef = 65E3737514BF346B00FEA516 /* UIKit.framework */; };
		65E3737814BF346B00FEA516 /* Foundation.framework in Frameworks */ = {isa = PBXBuildFile; fileRef = 65E3737714BF346B00FEA516 /* Foundation.framework */; };
		65E3737A14BF346B00FEA516 /* CoreGraphics.framework in Frameworks */ = {isa = PBXBuildFile; fileRef = 65E3737914BF346B00FEA516 /* CoreGraphics.framework */; };
		65E3737C14BF346B00FEA516 /* CoreData.framework in Frameworks */ = {isa = PBXBuildFile; fileRef = 65E3737B14BF346B00FEA516 /* CoreData.framework */; };
		65E3738214BF346B00FEA516 /* InfoPlist.strings in Resources */ = {isa = PBXBuildFile; fileRef = 65E3738014BF346B00FEA516 /* InfoPlist.strings */; };
		65E3738414BF346B00FEA516 /* main.m in Sources */ = {isa = PBXBuildFile; fileRef = 65E3738314BF346B00FEA516 /* main.m */; };
		65E3738814BF346B00FEA516 /* dnAppDelegate.m in Sources */ = {isa = PBXBuildFile; fileRef = 65E3738714BF346B00FEA516 /* dnAppDelegate.m */; };
		65E3738B14BF346B00FEA516 /* MainStoryboard.storyboard in Resources */ = {isa = PBXBuildFile; fileRef = 65E3738914BF346B00FEA516 /* MainStoryboard.storyboard */; };
		65E3738E14BF346B00FEA516 /* DynamicNotifier.xcdatamodeld in Sources */ = {isa = PBXBuildFile; fileRef = 65E3738C14BF346B00FEA516 /* DynamicNotifier.xcdatamodeld */; };
		65E3739114BF346B00FEA516 /* dnMasterViewController.m in Sources */ = {isa = PBXBuildFile; fileRef = 65E3739014BF346B00FEA516 /* dnMasterViewController.m */; };
		65E3739414BF346B00FEA516 /* dnDetailViewController.m in Sources */ = {isa = PBXBuildFile; fileRef = 65E3739314BF346B00FEA516 /* dnDetailViewController.m */; };
		65E3739C14BF346B00FEA516 /* SenTestingKit.framework in Frameworks */ = {isa = PBXBuildFile; fileRef = 65E3739B14BF346B00FEA516 /* SenTestingKit.framework */; };
		65E3739D14BF346B00FEA516 /* UIKit.framework in Frameworks */ = {isa = PBXBuildFile; fileRef = 65E3737514BF346B00FEA516 /* UIKit.framework */; };
		65E3739E14BF346B00FEA516 /* Foundation.framework in Frameworks */ = {isa = PBXBuildFile; fileRef = 65E3737714BF346B00FEA516 /* Foundation.framework */; };
		65E3739F14BF346B00FEA516 /* CoreData.framework in Frameworks */ = {isa = PBXBuildFile; fileRef = 65E3737B14BF346B00FEA516 /* CoreData.framework */; };
		65E373A714BF346B00FEA516 /* InfoPlist.strings in Resources */ = {isa = PBXBuildFile; fileRef = 65E373A514BF346B00FEA516 /* InfoPlist.strings */; };
		65E373AA14BF346B00FEA516 /* DynamicNotifierTests.m in Sources */ = {isa = PBXBuildFile; fileRef = 65E373A914BF346B00FEA516 /* DynamicNotifierTests.m */; };
/* End PBXBuildFile section */

/* Begin PBXContainerItemProxy section */
		65E373A014BF346B00FEA516 /* PBXContainerItemProxy */ = {
			isa = PBXContainerItemProxy;
			containerPortal = 65E3736814BF346B00FEA516 /* Project object */;
			proxyType = 1;
			remoteGlobalIDString = 65E3737014BF346B00FEA516;
			remoteInfo = DynamicNotifier;
		};
/* End PBXContainerItemProxy section */

/* Begin PBXFileReference section */
		65E3737114BF346B00FEA516 /* DynamicNotifier.app */ = {isa = PBXFileReference; explicitFileType = wrapper.application; includeInIndex = 0; path = DynamicNotifier.app; sourceTree = BUILT_PRODUCTS_DIR; };
		65E3737514BF346B00FEA516 /* UIKit.framework */ = {isa = PBXFileReference; lastKnownFileType = wrapper.framework; name = UIKit.framework; path = System/Library/Frameworks/UIKit.framework; sourceTree = SDKROOT; };
		65E3737714BF346B00FEA516 /* Foundation.framework */ = {isa = PBXFileReference; lastKnownFileType = wrapper.framework; name = Foundation.framework; path = System/Library/Frameworks/Foundation.framework; sourceTree = SDKROOT; };
		65E3737914BF346B00FEA516 /* CoreGraphics.framework */ = {isa = PBXFileReference; lastKnownFileType = wrapper.framework; name = CoreGraphics.framework; path = System/Library/Frameworks/CoreGraphics.framework; sourceTree = SDKROOT; };
		65E3737B14BF346B00FEA516 /* CoreData.framework */ = {isa = PBXFileReference; lastKnownFileType = wrapper.framework; name = CoreData.framework; path = System/Library/Frameworks/CoreData.framework; sourceTree = SDKROOT; };
		65E3737F14BF346B00FEA516 /* DynamicNotifier-Info.plist */ = {isa = PBXFileReference; lastKnownFileType = text.plist.xml; path = "DynamicNotifier-Info.plist"; sourceTree = "<group>"; };
		65E3738114BF346B00FEA516 /* en */ = {isa = PBXFileReference; lastKnownFileType = text.plist.strings; name = en; path = en.lproj/InfoPlist.strings; sourceTree = "<group>"; };
		65E3738314BF346B00FEA516 /* main.m */ = {isa = PBXFileReference; lastKnownFileType = sourcecode.c.objc; path = main.m; sourceTree = "<group>"; };
		65E3738514BF346B00FEA516 /* DynamicNotifier-Prefix.pch */ = {isa = PBXFileReference; lastKnownFileType = sourcecode.c.h; path = "DynamicNotifier-Prefix.pch"; sourceTree = "<group>"; };
		65E3738614BF346B00FEA516 /* dnAppDelegate.h */ = {isa = PBXFileReference; lastKnownFileType = sourcecode.c.h; path = dnAppDelegate.h; sourceTree = "<group>"; };
		65E3738714BF346B00FEA516 /* dnAppDelegate.m */ = {isa = PBXFileReference; lastKnownFileType = sourcecode.c.objc; path = dnAppDelegate.m; sourceTree = "<group>"; };
		65E3738A14BF346B00FEA516 /* en */ = {isa = PBXFileReference; lastKnownFileType = file.storyboard; name = en; path = en.lproj/MainStoryboard.storyboard; sourceTree = "<group>"; };
		65E3738D14BF346B00FEA516 /* DynamicNotifier.xcdatamodel */ = {isa = PBXFileReference; lastKnownFileType = wrapper.xcdatamodel; path = DynamicNotifier.xcdatamodel; sourceTree = "<group>"; };
		65E3738F14BF346B00FEA516 /* dnMasterViewController.h */ = {isa = PBXFileReference; lastKnownFileType = sourcecode.c.h; path = dnMasterViewController.h; sourceTree = "<group>"; };
		65E3739014BF346B00FEA516 /* dnMasterViewController.m */ = {isa = PBXFileReference; lastKnownFileType = sourcecode.c.objc; path = dnMasterViewController.m; sourceTree = "<group>"; };
		65E3739214BF346B00FEA516 /* dnDetailViewController.h */ = {isa = PBXFileReference; lastKnownFileType = sourcecode.c.h; path = dnDetailViewController.h; sourceTree = "<group>"; };
		65E3739314BF346B00FEA516 /* dnDetailViewController.m */ = {isa = PBXFileReference; lastKnownFileType = sourcecode.c.objc; path = dnDetailViewController.m; sourceTree = "<group>"; };
		65E3739A14BF346B00FEA516 /* DynamicNotifierTests.octest */ = {isa = PBXFileReference; explicitFileType = wrapper.cfbundle; includeInIndex = 0; path = DynamicNotifierTests.octest; sourceTree = BUILT_PRODUCTS_DIR; };
		65E3739B14BF346B00FEA516 /* SenTestingKit.framework */ = {isa = PBXFileReference; lastKnownFileType = wrapper.framework; name = SenTestingKit.framework; path = Library/Frameworks/SenTestingKit.framework; sourceTree = DEVELOPER_DIR; };
		65E373A414BF346B00FEA516 /* DynamicNotifierTests-Info.plist */ = {isa = PBXFileReference; lastKnownFileType = text.plist.xml; path = "DynamicNotifierTests-Info.plist"; sourceTree = "<group>"; };
		65E373A614BF346B00FEA516 /* en */ = {isa = PBXFileReference; lastKnownFileType = text.plist.strings; name = en; path = en.lproj/InfoPlist.strings; sourceTree = "<group>"; };
		65E373A814BF346B00FEA516 /* DynamicNotifierTests.h */ = {isa = PBXFileReference; lastKnownFileType = sourcecode.c.h; path = DynamicNotifierTests.h; sourceTree = "<group>"; };
		65E373A914BF346B00FEA516 /* DynamicNotifierTests.m */ = {isa = PBXFileReference; lastKnownFileType = sourcecode.c.objc; path = DynamicNotifierTests.m; sourceTree = "<group>"; };
/* End PBXFileReference section */

/* Begin PBXFrameworksBuildPhase section */
		65E3736E14BF346B00FEA516 /* Frameworks */ = {
			isa = PBXFrameworksBuildPhase;
			buildActionMask = 2147483647;
			files = (
				65E3737614BF346B00FEA516 /* UIKit.framework in Frameworks */,
				65E3737814BF346B00FEA516 /* Foundation.framework in Frameworks */,
				65E3737A14BF346B00FEA516 /* CoreGraphics.framework in Frameworks */,
				65E3737C14BF346B00FEA516 /* CoreData.framework in Frameworks */,
			);
			runOnlyForDeploymentPostprocessing = 0;
		};
		65E3739614BF346B00FEA516 /* Frameworks */ = {
			isa = PBXFrameworksBuildPhase;
			buildActionMask = 2147483647;
			files = (
				65E3739C14BF346B00FEA516 /* SenTestingKit.framework in Frameworks */,
				65E3739D14BF346B00FEA516 /* UIKit.framework in Frameworks */,
				65E3739E14BF346B00FEA516 /* Foundation.framework in Frameworks */,
				65E3739F14BF346B00FEA516 /* CoreData.framework in Frameworks */,
			);
			runOnlyForDeploymentPostprocessing = 0;
		};
/* End PBXFrameworksBuildPhase section */

/* Begin PBXGroup section */
		65E3736614BF346B00FEA516 = {
			isa = PBXGroup;
			children = (
				65E3737D14BF346B00FEA516 /* DynamicNotifier */,
				65E373A214BF346B00FEA516 /* DynamicNotifierTests */,
				65E3737414BF346B00FEA516 /* Frameworks */,
				65E3737214BF346B00FEA516 /* Products */,
			);
			sourceTree = "<group>";
		};
		65E3737214BF346B00FEA516 /* Products */ = {
			isa = PBXGroup;
			children = (
				65E3737114BF346B00FEA516 /* DynamicNotifier.app */,
				65E3739A14BF346B00FEA516 /* DynamicNotifierTests.octest */,
			);
			name = Products;
			sourceTree = "<group>";
		};
		65E3737414BF346B00FEA516 /* Frameworks */ = {
			isa = PBXGroup;
			children = (
				65E3737514BF346B00FEA516 /* UIKit.framework */,
				65E3737714BF346B00FEA516 /* Foundation.framework */,
				65E3737914BF346B00FEA516 /* CoreGraphics.framework */,
				65E3737B14BF346B00FEA516 /* CoreData.framework */,
				65E3739B14BF346B00FEA516 /* SenTestingKit.framework */,
			);
			name = Frameworks;
			sourceTree = "<group>";
		};
		65E3737D14BF346B00FEA516 /* DynamicNotifier */ = {
			isa = PBXGroup;
			children = (
				65E3738614BF346B00FEA516 /* dnAppDelegate.h */,
				65E3738714BF346B00FEA516 /* dnAppDelegate.m */,
				65E3738914BF346B00FEA516 /* MainStoryboard.storyboard */,
				65E3738F14BF346B00FEA516 /* dnMasterViewController.h */,
				65E3739014BF346B00FEA516 /* dnMasterViewController.m */,
				65E3739214BF346B00FEA516 /* dnDetailViewController.h */,
				65E3739314BF346B00FEA516 /* dnDetailViewController.m */,
				65E3738C14BF346B00FEA516 /* DynamicNotifier.xcdatamodeld */,
				65E3737E14BF346B00FEA516 /* Supporting Files */,
			);
			path = DynamicNotifier;
			sourceTree = "<group>";
		};
		65E3737E14BF346B00FEA516 /* Supporting Files */ = {
			isa = PBXGroup;
			children = (
				65E3737F14BF346B00FEA516 /* DynamicNotifier-Info.plist */,
				65E3738014BF346B00FEA516 /* InfoPlist.strings */,
				65E3738314BF346B00FEA516 /* main.m */,
				65E3738514BF346B00FEA516 /* DynamicNotifier-Prefix.pch */,
			);
			name = "Supporting Files";
			sourceTree = "<group>";
		};
		65E373A214BF346B00FEA516 /* DynamicNotifierTests */ = {
			isa = PBXGroup;
			children = (
				65E373A814BF346B00FEA516 /* DynamicNotifierTests.h */,
				65E373A914BF346B00FEA516 /* DynamicNotifierTests.m */,
				65E373A314BF346B00FEA516 /* Supporting Files */,
			);
			path = DynamicNotifierTests;
			sourceTree = "<group>";
		};
		65E373A314BF346B00FEA516 /* Supporting Files */ = {
			isa = PBXGroup;
			children = (
				65E373A414BF346B00FEA516 /* DynamicNotifierTests-Info.plist */,
				65E373A514BF346B00FEA516 /* InfoPlist.strings */,
			);
			name = "Supporting Files";
			sourceTree = "<group>";
		};
/* End PBXGroup section */

/* Begin PBXNativeTarget section */
		65E3737014BF346B00FEA516 /* DynamicNotifier */ = {
			isa = PBXNativeTarget;
			buildConfigurationList = 65E373AD14BF346B00FEA516 /* Build configuration list for PBXNativeTarget "DynamicNotifier" */;
			buildPhases = (
				65E3736D14BF346B00FEA516 /* Sources */,
				65E3736E14BF346B00FEA516 /* Frameworks */,
				65E3736F14BF346B00FEA516 /* Resources */,
			);
			buildRules = (
			);
			dependencies = (
			);
			name = DynamicNotifier;
			productName = DynamicNotifier;
			productReference = 65E3737114BF346B00FEA516 /* DynamicNotifier.app */;
			productType = "com.apple.product-type.application";
		};
		65E3739914BF346B00FEA516 /* DynamicNotifierTests */ = {
			isa = PBXNativeTarget;
			buildConfigurationList = 65E373B014BF346B00FEA516 /* Build configuration list for PBXNativeTarget "DynamicNotifierTests" */;
			buildPhases = (
				65E3739514BF346B00FEA516 /* Sources */,
				65E3739614BF346B00FEA516 /* Frameworks */,
				65E3739714BF346B00FEA516 /* Resources */,
				65E3739814BF346B00FEA516 /* ShellScript */,
			);
			buildRules = (
			);
			dependencies = (
				65E373A114BF346B00FEA516 /* PBXTargetDependency */,
			);
			name = DynamicNotifierTests;
			productName = DynamicNotifierTests;
			productReference = 65E3739A14BF346B00FEA516 /* DynamicNotifierTests.octest */;
			productType = "com.apple.product-type.bundle";
		};
/* End PBXNativeTarget section */

/* Begin PBXProject section */
		65E3736814BF346B00FEA516 /* Project object */ = {
			isa = PBXProject;
			attributes = {
				LastUpgradeCheck = 0420;
			};
			buildConfigurationList = 65E3736B14BF346B00FEA516 /* Build configuration list for PBXProject "DynamicNotifier" */;
			compatibilityVersion = "Xcode 3.2";
			developmentRegion = English;
			hasScannedForEncodings = 0;
			knownRegions = (
				en,
			);
			mainGroup = 65E3736614BF346B00FEA516;
			productRefGroup = 65E3737214BF346B00FEA516 /* Products */;
			projectDirPath = "";
			projectRoot = "";
			targets = (
				65E3737014BF346B00FEA516 /* DynamicNotifier */,
				65E3739914BF346B00FEA516 /* DynamicNotifierTests */,
			);
		};
/* End PBXProject section */

/* Begin PBXResourcesBuildPhase section */
		65E3736F14BF346B00FEA516 /* Resources */ = {
			isa = PBXResourcesBuildPhase;
			buildActionMask = 2147483647;
			files = (
				65E3738214BF346B00FEA516 /* InfoPlist.strings in Resources */,
				65E3738B14BF346B00FEA516 /* MainStoryboard.storyboard in Resources */,
			);
			runOnlyForDeploymentPostprocessing = 0;
		};
		65E3739714BF346B00FEA516 /* Resources */ = {
			isa = PBXResourcesBuildPhase;
			buildActionMask = 2147483647;
			files = (
				65E373A714BF346B00FEA516 /* InfoPlist.strings in Resources */,
			);
			runOnlyForDeploymentPostprocessing = 0;
		};
/* End PBXResourcesBuildPhase section */

/* Begin PBXShellScriptBuildPhase section */
		65E3739814BF346B00FEA516 /* ShellScript */ = {
			isa = PBXShellScriptBuildPhase;
			buildActionMask = 2147483647;
			files = (
			);
			inputPaths = (
			);
			outputPaths = (
			);
			runOnlyForDeploymentPostprocessing = 0;
			shellPath = /bin/sh;
			shellScript = "# Run the unit tests in this test bundle.\n\"${SYSTEM_DEVELOPER_DIR}/Tools/RunUnitTests\"\n";
		};
/* End PBXShellScriptBuildPhase section */

/* Begin PBXSourcesBuildPhase section */
		65E3736D14BF346B00FEA516 /* Sources */ = {
			isa = PBXSourcesBuildPhase;
			buildActionMask = 2147483647;
			files = (
				65E3738414BF346B00FEA516 /* main.m in Sources */,
				65E3738814BF346B00FEA516 /* dnAppDelegate.m in Sources */,
				65E3738E14BF346B00FEA516 /* DynamicNotifier.xcdatamodeld in Sources */,
				65E3739114BF346B00FEA516 /* dnMasterViewController.m in Sources */,
				65E3739414BF346B00FEA516 /* dnDetailViewController.m in Sources */,
			);
			runOnlyForDeploymentPostprocessing = 0;
		};
		65E3739514BF346B00FEA516 /* Sources */ = {
			isa = PBXSourcesBuildPhase;
			buildActionMask = 2147483647;
			files = (
				65E373AA14BF346B00FEA516 /* DynamicNotifierTests.m in Sources */,
			);
			runOnlyForDeploymentPostprocessing = 0;
		};
/* End PBXSourcesBuildPhase section */

/* Begin PBXTargetDependency section */
		65E373A114BF346B00FEA516 /* PBXTargetDependency */ = {
			isa = PBXTargetDependency;
			target = 65E3737014BF346B00FEA516 /* DynamicNotifier */;
			targetProxy = 65E373A014BF346B00FEA516 /* PBXContainerItemProxy */;
		};
/* End PBXTargetDependency section */

/* Begin PBXVariantGroup section */
		65E3738014BF346B00FEA516 /* InfoPlist.strings */ = {
			isa = PBXVariantGroup;
			children = (
				65E3738114BF346B00FEA516 /* en */,
			);
			name = InfoPlist.strings;
			sourceTree = "<group>";
		};
		65E3738914BF346B00FEA516 /* MainStoryboard.storyboard */ = {
			isa = PBXVariantGroup;
			children = (
				65E3738A14BF346B00FEA516 /* en */,
			);
			name = MainStoryboard.storyboard;
			sourceTree = "<group>";
		};
		65E373A514BF346B00FEA516 /* InfoPlist.strings */ = {
			isa = PBXVariantGroup;
			children = (
				65E373A614BF346B00FEA516 /* en */,
			);
			name = InfoPlist.strings;
			sourceTree = "<group>";
		};
/* End PBXVariantGroup section */

/* Begin XCBuildConfiguration section */
		65E373AB14BF346B00FEA516 /* Debug */ = {
			isa = XCBuildConfiguration;
			buildSettings = {
				ALWAYS_SEARCH_USER_PATHS = NO;
				ARCHS = "$(ARCHS_STANDARD_32_BIT)";
				CLANG_ENABLE_OBJC_ARC = YES;
				"CODE_SIGN_IDENTITY[sdk=iphoneos*]" = "iPhone Developer";
				COPY_PHASE_STRIP = NO;
				GCC_C_LANGUAGE_STANDARD = gnu99;
				GCC_DYNAMIC_NO_PIC = NO;
				GCC_OPTIMIZATION_LEVEL = 0;
				GCC_PREPROCESSOR_DEFINITIONS = (
					"DEBUG=1",
					"$(inherited)",
				);
				GCC_SYMBOLS_PRIVATE_EXTERN = NO;
				GCC_VERSION = com.apple.compilers.llvm.clang.1_0;
				GCC_WARN_ABOUT_MISSING_PROTOTYPES = YES;
				GCC_WARN_ABOUT_RETURN_TYPE = YES;
				GCC_WARN_UNUSED_VARIABLE = YES;
				IPHONEOS_DEPLOYMENT_TARGET = 5.0;
				SDKROOT = iphoneos;
			};
			name = Debug;
		};
		65E373AC14BF346B00FEA516 /* Release */ = {
			isa = XCBuildConfiguration;
			buildSettings = {
				ALWAYS_SEARCH_USER_PATHS = NO;
				ARCHS = "$(ARCHS_STANDARD_32_BIT)";
				CLANG_ENABLE_OBJC_ARC = YES;
				"CODE_SIGN_IDENTITY[sdk=iphoneos*]" = "iPhone Developer";
				COPY_PHASE_STRIP = YES;
				GCC_C_LANGUAGE_STANDARD = gnu99;
				GCC_VERSION = com.apple.compilers.llvm.clang.1_0;
				GCC_WARN_ABOUT_MISSING_PROTOTYPES = YES;
				GCC_WARN_ABOUT_RETURN_TYPE = YES;
				GCC_WARN_UNUSED_VARIABLE = YES;
				IPHONEOS_DEPLOYMENT_TARGET = 5.0;
				OTHER_CFLAGS = "-DNS_BLOCK_ASSERTIONS=1";
				SDKROOT = iphoneos;
				VALIDATE_PRODUCT = YES;
			};
			name = Release;
		};
		65E373AE14BF346B00FEA516 /* Debug */ = {
			isa = XCBuildConfiguration;
			buildSettings = {
				GCC_PRECOMPILE_PREFIX_HEADER = YES;
				GCC_PREFIX_HEADER = "DynamicNotifier/DynamicNotifier-Prefix.pch";
				INFOPLIST_FILE = "DynamicNotifier/DynamicNotifier-Info.plist";
				PRODUCT_NAME = "$(TARGET_NAME)";
				WRAPPER_EXTENSION = app;
			};
			name = Debug;
		};
		65E373AF14BF346B00FEA516 /* Release */ = {
			isa = XCBuildConfiguration;
			buildSettings = {
				GCC_PRECOMPILE_PREFIX_HEADER = YES;
				GCC_PREFIX_HEADER = "DynamicNotifier/DynamicNotifier-Prefix.pch";
				INFOPLIST_FILE = "DynamicNotifier/DynamicNotifier-Info.plist";
				PRODUCT_NAME = "$(TARGET_NAME)";
				WRAPPER_EXTENSION = app;
			};
			name = Release;
		};
		65E373B114BF346B00FEA516 /* Debug */ = {
			isa = XCBuildConfiguration;
			buildSettings = {
				BUNDLE_LOADER = "$(BUILT_PRODUCTS_DIR)/DynamicNotifier.app/DynamicNotifier";
				FRAMEWORK_SEARCH_PATHS = (
					"$(SDKROOT)/Developer/Library/Frameworks",
					"$(DEVELOPER_LIBRARY_DIR)/Frameworks",
				);
				GCC_PRECOMPILE_PREFIX_HEADER = YES;
				GCC_PREFIX_HEADER = "DynamicNotifier/DynamicNotifier-Prefix.pch";
				INFOPLIST_FILE = "DynamicNotifierTests/DynamicNotifierTests-Info.plist";
				PRODUCT_NAME = "$(TARGET_NAME)";
				TEST_HOST = "$(BUNDLE_LOADER)";
				WRAPPER_EXTENSION = octest;
			};
			name = Debug;
		};
		65E373B214BF346B00FEA516 /* Release */ = {
			isa = XCBuildConfiguration;
			buildSettings = {
				BUNDLE_LOADER = "$(BUILT_PRODUCTS_DIR)/DynamicNotifier.app/DynamicNotifier";
				FRAMEWORK_SEARCH_PATHS = (
					"$(SDKROOT)/Developer/Library/Frameworks",
					"$(DEVELOPER_LIBRARY_DIR)/Frameworks",
				);
				GCC_PRECOMPILE_PREFIX_HEADER = YES;
				GCC_PREFIX_HEADER = "DynamicNotifier/DynamicNotifier-Prefix.pch";
				INFOPLIST_FILE = "DynamicNotifierTests/DynamicNotifierTests-Info.plist";
				PRODUCT_NAME = "$(TARGET_NAME)";
				TEST_HOST = "$(BUNDLE_LOADER)";
				WRAPPER_EXTENSION = octest;
			};
			name = Release;
		};
/* End XCBuildConfiguration section */

/* Begin XCConfigurationList section */
		65E3736B14BF346B00FEA516 /* Build configuration list for PBXProject "DynamicNotifier" */ = {
			isa = XCConfigurationList;
			buildConfigurations = (
				65E373AB14BF346B00FEA516 /* Debug */,
				65E373AC14BF346B00FEA516 /* Release */,
			);
			defaultConfigurationIsVisible = 0;
			defaultConfigurationName = Release;
		};
		65E373AD14BF346B00FEA516 /* Build configuration list for PBXNativeTarget "DynamicNotifier" */ = {
			isa = XCConfigurationList;
			buildConfigurations = (
				65E373AE14BF346B00FEA516 /* Debug */,
				65E373AF14BF346B00FEA516 /* Release */,
			);
			defaultConfigurationIsVisible = 0;
		};
		65E373B014BF346B00FEA516 /* Build configuration list for PBXNativeTarget "DynamicNotifierTests" */ = {
			isa = XCConfigurationList;
			buildConfigurations = (
				65E373B114BF346B00FEA516 /* Debug */,
				65E373B214BF346B00FEA516 /* Release */,
			);
			defaultConfigurationIsVisible = 0;
		};
/* End XCConfigurationList section */

/* Begin XCVersionGroup section */
		65E3738C14BF346B00FEA516 /* DynamicNotifier.xcdatamodeld */ = {
			isa = XCVersionGroup;
			children = (
				65E3738D14BF346B00FEA516 /* DynamicNotifier.xcdatamodel */,
			);
			currentVersion = 65E3738D14BF346B00FEA516 /* DynamicNotifier.xcdatamodel */;
			path = DynamicNotifier.xcdatamodeld;
			sourceTree = "<group>";
			versionGroupType = wrapper.xcdatamodel;
		};
/* End XCVersionGroup section */
	};
	rootObject = 65E3736814BF346B00FEA516 /* Project object */;
}
